
Microsoft Visual Studio Solution File, Format Version 12.00
Project("{FAE04EC0-301F-11D3-BF4B-00C04F79EFBC}") = "Infra-CSharp", "Infra-CSharp\Infra-CSharp.csproj", "{CA0267F8-F112-47D9-9F60-5E624CF9B234}"
EndProject
Project("{FAE04EC0-301F-11D3-BF4B-00C04F79EFBC}") = "Infra-Tests", "Infra-Tests\Infra-Tests.csproj", "{1461D382-3A2F-41F5-95FB-E81D773D4766}"
EndProject
Global
	GlobalSection(SolutionConfigurationPlatforms) = preSolution
		Debug|Any CPU = Debug|Any CPU
		Release|Any CPU = Release|Any CPU
	EndGlobalSection
	GlobalSection(ProjectConfigurationPlatforms) = postSolution
		{CA0267F8-F112-47D9-9F60-5E624CF9B234}.Debug|Any CPU.ActiveCfg = Debug|Any CPU
		{CA0267F8-F112-47D9-9F60-5E624CF9B234}.Debug|Any CPU.Build.0 = Debug|Any CPU
		{CA0267F8-F112-47D9-9F60-5E624CF9B234}.Release|Any CPU.ActiveCfg = Release|Any CPU
		{CA0267F8-F112-47D9-9F60-5E624CF9B234}.Release|Any CPU.Build.0 = Release|Any CPU
		{1461D382-3A2F-41F5-95FB-E81D773D4766}.Debug|Any CPU.ActiveCfg = Debug|Any CPU
		{1461D382-3A2F-41F5-95FB-E81D773D4766}.Debug|Any CPU.Build.0 = Debug|Any CPU
		{1461D382-3A2F-41F5-95FB-E81D773D4766}.Release|Any CPU.ActiveCfg = Release|Any CPU
		{1461D382-3A2F-41F5-95FB-E81D773D4766}.Release|Any CPU.Build.0 = Release|Any CPU
	EndGlobalSection
EndGlobal
